# This file is autogenerated, do not edit; changes may be undone by the next 'dep ensure'.


[[projects]]
  digest = "1:0deddd908b6b4b768cfc272c16ee61e7088a60f7fe2f06c547bd3d8e1f8b8e77"
  name = "github.com/davecgh/go-spew"
  packages = ["spew"]
  pruneopts = ""
  revision = "8991bc29aa16c548c550c7ff78260e27b9ab7c73"
  version = "v1.1.1"

[[projects]]
  digest = "1:9620496fe4bd354f59c293c0aa95afa21ea62c187dd63c82b30613f3458517bc"
  name = "github.com/go-pg/pg"
  packages = [
    ".",
    "internal",
    "internal/iszero",
    "internal/parser",
    "internal/pool",
    "internal/struct_filter",
    "internal/tag",
    "orm",
    "types",
  ]
  pruneopts = ""
  revision = "750698e034bbc0f35e33e69df35cd8cc4c6b7d3d"
  version = "v7.1.7"

[[projects]]
  digest = "1:e5f540dcaad8557b2dff546fff654a14fe533273fb65b517ee6731889b7d5421"
  name = "github.com/gorilla/feeds"
  packages = ["."]
  pruneopts = ""
  revision = "6edcbcd2d57fd0bbd7f39947a593ed0c06648388"
  version = "v1.1.0"

[[projects]]
  digest = "1:a3c01bbe8766cbce019cdb900aa51460a6f7bd4266a18d80722dc92297302bc3"
  name = "github.com/gorilla/mux"
  packages = ["."]
  pruneopts = ""
  revision = "a7962380ca08b5a188038c69871b8d3fbdf31e89"
  version = "v1.7.0"

[[projects]]
  branch = "master"
  digest = "1:d9a7385b84d8187fd94e0357045c6fa1147ca94caa56fdd539336c7c102fc728"
  name = "github.com/jinzhu/inflection"
  packages = ["."]
  pruneopts = ""
  revision = "04140366298a54a039076d798123ffa108fff46c"

[[projects]]
  branch = "master"
  digest = "1:6405d2c8c3fdd12f01f5182069a67466e8addc714084191b8d8746f722e22b3f"
  name = "github.com/magunetto/go-tmdb"
  packages = ["."]
  pruneopts = ""
  revision = "4f88bfd8260f14f544c0c47e81d07ec4d3685db6"

[[projects]]
  branch = "master"
  digest = "1:5ea1f4478d11901d62f19c6c101fb3945ef2fe55777dcbfc00c9f9717f93d71b"
  name = "github.com/magunetto/go-torrentapi"
  packages = ["."]
  pruneopts = ""
  revision = "ac6c8fa48a889f462e2e813b265a39c9189b4c6a"

[[projects]]
  digest = "1:1d7e1867c49a6dd9856598ef7c3123604ea3daabf5b83f303ff457bcbc410b1d"
  name = "github.com/pkg/errors"
  packages = ["."]
  pruneopts = ""
  revision = "ba968bfe8b2f7e042a574c888954fccecfa385b4"
  version = "v0.8.1"

[[projects]]
  digest = "1:256484dbbcd271f9ecebc6795b2df8cad4c458dd0f5fd82a8c2fa0c29f233411"
  name = "github.com/pmezard/go-difflib"
  packages = ["difflib"]
  pruneopts = ""
  revision = "792786c7400a136282c1664665ae0a8db921c6c2"
  version = "v1.0.0"

[[projects]]
  branch = "master"
  digest = "1:f820251ce7e7a0896b717f1f49eb1ab8c64e96f5f613b5f11e83dc4655d688e6"
  name = "github.com/speps/go-hashids"
  packages = ["."]
  pruneopts = ""
  revision = "6ba254bc2e328fdc3fca46bfbccea4ab8052755f"

[[projects]]
  digest = "1:381bcbeb112a51493d9d998bbba207a529c73dbb49b3fd789e48c63fac1f192c"
  name = "github.com/stretchr/testify"
  packages = ["assert"]
  pruneopts = ""
  revision = "ffdc059bfe9ce6a4e144ba849dbedead332c6053"
  version = "v1.3.0"

[[projects]]
  branch = "master"
  digest = "1:5462386895a322b94a79a5de7314310edbd5f4d15f851ae032f146b2c951b3de"
  name = "golang.org/x/crypto"
  packages = ["pbkdf2"]
  pruneopts = ""
  revision = "74369b46fc6756741c016591724fd1cb8e26845f"

[[projects]]
  branch = "v2"
  digest = "1:6dabb16b1b5c8ed2d7f419ebf04e8de68480de0e78269f2a51930548f2b60d76"
  name = "gopkg.in/tucnak/telebot.v2"
  packages = ["."]
  pruneopts = ""
  revision = "e6cfaa833930549e4d3aff4af1b9d502b2114d52"

[[projects]]
  digest = "1:70b0b4531f255ded5a2d15f61c21d83e4d9f5b798adc26cc751fc96d0d94a9d4"
  name = "mellium.im/sasl"
  packages = ["."]
  pruneopts = ""
  revision = "e58e780e1378aa4df5dc705364ff5ae9a4dd1e04"
  version = "v0.2.1"

[solve-meta]
  analyzer-name = "dep"
  analyzer-version = 1
  input-imports = [
    "github.com/go-pg/pg",
    "github.com/go-pg/pg/orm",
    "github.com/gorilla/feeds",
    "github.com/gorilla/mux",
    "github.com/magunetto/go-tmdb",
    "github.com/magunetto/go-torrentapi",
    "github.com/speps/go-hashids",
    "github.com/stretchr/testify/assert",
    "gopkg.in/tucnak/telebot.v2",
  ]
  solver-name = "gps-cdcl"
  solver-version = 1
