# This file is autogenerated, do not edit; changes may be undone by the next 'dep ensure'.


[[projects]]
  branch = "master"
  name = "github.com/idealhack/go-torrentapi"
  packages = ["."]
  revision = "e3b233133e9f2bb5c27e1b6c25bed24bd818bd4f"

[[projects]]
  name = "github.com/pkg/errors"
  packages = ["."]
  revision = "645ef00459ed84a119197bfb8d8205042c6df63d"
  version = "v0.8.0"

[[projects]]
  branch = "v2"
  name = "gopkg.in/tucnak/telebot.v2"
  packages = ["."]
  revision = "fd49f3f2600037b57ee38200b479796e1c14c590"

[solve-meta]
  analyzer-name = "dep"
  analyzer-version = 1
  inputs-digest = "c37b74146493047be18922dbf7d773d151b027b0aa703e3e7637100ecc0ef3b2"
  solver-name = "gps-cdcl"
  solver-version = 1
