# This file is autogenerated, do not edit; changes may be undone by the next 'dep ensure'.


[[projects]]
  name = "github.com/go-pg/pg"
  packages = [".","internal","internal/parser","internal/pool","orm","types"]
  revision = "fc91a7fbbb5dde827c24ef45b8705943a5c197b9"
  version = "v6.6.23"

[[projects]]
  branch = "master"
  name = "github.com/idealhack/go-torrentapi"
  packages = ["."]
  revision = "c2588255ae07b3e511660c8291353ad5af7b3c09"

[[projects]]
  branch = "master"
  name = "github.com/jinzhu/inflection"
  packages = ["."]
  revision = "1c35d901db3da928c72a72d8458480cc9ade058f"

[[projects]]
  name = "github.com/pkg/errors"
  packages = ["."]
  revision = "645ef00459ed84a119197bfb8d8205042c6df63d"
  version = "v0.8.0"

[[projects]]
  branch = "v2"
  name = "gopkg.in/tucnak/telebot.v2"
  packages = ["."]
  revision = "fd49f3f2600037b57ee38200b479796e1c14c590"

[solve-meta]
  analyzer-name = "dep"
  analyzer-version = 1
  inputs-digest = "8e5371f2625f3bdf041a8be1b93947e1267ca22d9544ed9e9eaf1ca70216a537"
  solver-name = "gps-cdcl"
  solver-version = 1
